
Microsoft Visual Studio Solution File, Format Version 12.00
# Visual Studio Version 17
VisualStudioVersion = 17.11.35017.193
MinimumVisualStudioVersion = 10.0.40219.1
Project("{FAE04EC0-301F-11D3-BF4B-00C04F79EFBC}") = "Hello", "Hello\Hello.csproj", "{4A1ED0A2-A654-490C-8E3A-76B7AE7B2200}"
EndProject
Project("{FAE04EC0-301F-11D3-BF4B-00C04F79EFBC}") = "TextFormatting", "TextFormatting\TextFormatting.csproj", "{0C3EB50D-AE6F-4CCF-A1C1-3FFD933E0CF2}"
EndProject
Project("{FAE04EC0-301F-11D3-BF4B-00C04F79EFBC}") = "SharedBrush", "SharedBrush\SharedBrush.csproj", "{76E2FB5E-9380-4E21-BCBC-DCDE7F07B914}"
EndProject
Project("{FAE04EC0-301F-11D3-BF4B-00C04F79EFBC}") = "SharedBrushWithBinding", "SharedBrushWithBinding\SharedBrushWithBinding.csproj", "{A054C908-3F8C-461C-8629-EAFDD1C7A24E}"
EndProject
Project("{FAE04EC0-301F-11D3-BF4B-00C04F79EFBC}") = "TapTextBlock", "TapTextBlock\TapTextBlock.csproj", "{E98D40B9-9F62-44E6-B0DF-77095B995845}"
EndProject
Project("{8BC9CEB8-8B4A-11D0-8D11-00A0C91BC942}") = "QTapTextBlock", "QTapTextBlock\QTapTextBlock.vcxproj", "{73D7568E-83D6-4CF5-BB1F-3E6647F30245}"
EndProject
Project("{FAE04EC0-301F-11D3-BF4B-00C04F79EFBC}") = "RountedEvents0", "RountedEvents0\RountedEvents0.csproj", "{DE9A41BA-AEE2-4D55-8EF2-5E3A7C0FEEA4}"
EndProject
Project("{FAE04EC0-301F-11D3-BF4B-00C04F79EFBC}") = "WhatSize", "WhatSize\WhatSize.csproj", "{6803B4DE-C7C3-40DB-8B27-C104BFB2174A}"
EndProject
Project("{FAE04EC0-301F-11D3-BF4B-00C04F79EFBC}") = "DigitalClock", "DigitalClock\DigitalClock.csproj", "{1E82A7EB-EAE6-49EF-B105-1AD1BC4D2EA7}"
EndProject
Project("{FAE04EC0-301F-11D3-BF4B-00C04F79EFBC}") = "ExpandingText", "ExpandingText\ExpandingText.csproj", "{579AAA53-CF0D-4F73-85E5-64576663755E}"
EndProject
Project("{FAE04EC0-301F-11D3-BF4B-00C04F79EFBC}") = "RainbowEight", "RainbowEight\RainbowEight.csproj", "{9A0113B1-19DC-4D25-A309-2FE5A2741DCF}"
EndProject
Project("{9A19103F-16F7-4668-BE54-9A1E7A4F7556}") = "HelloWeb", "HelloWeb\HelloWeb.csproj", "{CF61BD52-6AB4-4A48-9C70-9C2BE9BD3552}"
EndProject
Project("{FAE04EC0-301F-11D3-BF4B-00C04F79EFBC}") = "NaiveBorderedText", "NaiveBorderedText\NaiveBorderedText.csproj", "{B65D2470-A5A6-4153-82DD-0A14742CBF51}"
EndProject
Project("{FAE04EC0-301F-11D3-BF4B-00C04F79EFBC}") = "SimpleVerticalStack", "SimpleVerticalStack\SimpleVerticalStack.csproj", "{587C294C-80C0-47FE-8102-BAD77FC3740B}"
EndProject
Project("{FAE04EC0-301F-11D3-BF4B-00C04F79EFBC}") = "WhatSizeWithBindings", "WhatSizeWithBindings\WhatSizeWithBindings.csproj", "{39DBF90C-B7DC-49F0-89F1-F14098D28573}"
EndProject
Project("{FAE04EC0-301F-11D3-BF4B-00C04F79EFBC}") = "WhatSizeBindingConverter", "WhatSizeBindingConverter\WhatSizeBindingConverter.csproj", "{FEB76C27-6800-480D-BFFC-B2953BC0531B}"
EndProject
Project("{FAE04EC0-301F-11D3-BF4B-00C04F79EFBC}") = "StackPanelWithScrolling", "StackPanelWithScrolling\StackPanelWithScrolling.csproj", "{33F47C1A-B592-465D-B9F6-6D1D7F52ED42}"
EndProject
Project("{FAE04EC0-301F-11D3-BF4B-00C04F79EFBC}") = "DependencyObjectClassHierarchy", "DependencyObjectClassHierarchy\DependencyObjectClassHierarchy.csproj", "{F2658988-6DF2-4C24-8580-0F22CF5C38C8}"
EndProject
Global
	GlobalSection(SolutionConfigurationPlatforms) = preSolution
		Debug|Any CPU = Debug|Any CPU
		Debug|ARM = Debug|ARM
		Debug|ARM64 = Debug|ARM64
		Debug|x64 = Debug|x64
		Debug|x86 = Debug|x86
		Release|Any CPU = Release|Any CPU
		Release|ARM = Release|ARM
		Release|ARM64 = Release|ARM64
		Release|x64 = Release|x64
		Release|x86 = Release|x86
	EndGlobalSection
	GlobalSection(ProjectConfigurationPlatforms) = postSolution
		{4A1ED0A2-A654-490C-8E3A-76B7AE7B2200}.Debug|Any CPU.ActiveCfg = Debug|x64
		{4A1ED0A2-A654-490C-8E3A-76B7AE7B2200}.Debug|Any CPU.Build.0 = Debug|x64
		{4A1ED0A2-A654-490C-8E3A-76B7AE7B2200}.Debug|ARM.ActiveCfg = Debug|ARM
		{4A1ED0A2-A654-490C-8E3A-76B7AE7B2200}.Debug|ARM.Build.0 = Debug|ARM
		{4A1ED0A2-A654-490C-8E3A-76B7AE7B2200}.Debug|ARM.Deploy.0 = Debug|ARM
		{4A1ED0A2-A654-490C-8E3A-76B7AE7B2200}.Debug|ARM64.ActiveCfg = Debug|ARM64
		{4A1ED0A2-A654-490C-8E3A-76B7AE7B2200}.Debug|ARM64.Build.0 = Debug|ARM64
		{4A1ED0A2-A654-490C-8E3A-76B7AE7B2200}.Debug|ARM64.Deploy.0 = Debug|ARM64
		{4A1ED0A2-A654-490C-8E3A-76B7AE7B2200}.Debug|x64.ActiveCfg = Debug|x64
		{4A1ED0A2-A654-490C-8E3A-76B7AE7B2200}.Debug|x64.Build.0 = Debug|x64
		{4A1ED0A2-A654-490C-8E3A-76B7AE7B2200}.Debug|x64.Deploy.0 = Debug|x64
		{4A1ED0A2-A654-490C-8E3A-76B7AE7B2200}.Debug|x86.ActiveCfg = Debug|x86
		{4A1ED0A2-A654-490C-8E3A-76B7AE7B2200}.Debug|x86.Build.0 = Debug|x86
		{4A1ED0A2-A654-490C-8E3A-76B7AE7B2200}.Debug|x86.Deploy.0 = Debug|x86
		{4A1ED0A2-A654-490C-8E3A-76B7AE7B2200}.Release|Any CPU.ActiveCfg = Release|x64
		{4A1ED0A2-A654-490C-8E3A-76B7AE7B2200}.Release|Any CPU.Build.0 = Release|x64
		{4A1ED0A2-A654-490C-8E3A-76B7AE7B2200}.Release|ARM.ActiveCfg = Release|ARM
		{4A1ED0A2-A654-490C-8E3A-76B7AE7B2200}.Release|ARM.Build.0 = Release|ARM
		{4A1ED0A2-A654-490C-8E3A-76B7AE7B2200}.Release|ARM.Deploy.0 = Release|ARM
		{4A1ED0A2-A654-490C-8E3A-76B7AE7B2200}.Release|ARM64.ActiveCfg = Release|ARM64
		{4A1ED0A2-A654-490C-8E3A-76B7AE7B2200}.Release|ARM64.Build.0 = Release|ARM64
		{4A1ED0A2-A654-490C-8E3A-76B7AE7B2200}.Release|ARM64.Deploy.0 = Release|ARM64
		{4A1ED0A2-A654-490C-8E3A-76B7AE7B2200}.Release|x64.ActiveCfg = Release|x64
		{4A1ED0A2-A654-490C-8E3A-76B7AE7B2200}.Release|x64.Build.0 = Release|x64
		{4A1ED0A2-A654-490C-8E3A-76B7AE7B2200}.Release|x64.Deploy.0 = Release|x64
		{4A1ED0A2-A654-490C-8E3A-76B7AE7B2200}.Release|x86.ActiveCfg = Release|x86
		{4A1ED0A2-A654-490C-8E3A-76B7AE7B2200}.Release|x86.Build.0 = Release|x86
		{4A1ED0A2-A654-490C-8E3A-76B7AE7B2200}.Release|x86.Deploy.0 = Release|x86
		{0C3EB50D-AE6F-4CCF-A1C1-3FFD933E0CF2}.Debug|Any CPU.ActiveCfg = Debug|x64
		{0C3EB50D-AE6F-4CCF-A1C1-3FFD933E0CF2}.Debug|Any CPU.Build.0 = Debug|x64
		{0C3EB50D-AE6F-4CCF-A1C1-3FFD933E0CF2}.Debug|ARM.ActiveCfg = Debug|ARM
		{0C3EB50D-AE6F-4CCF-A1C1-3FFD933E0CF2}.Debug|ARM.Build.0 = Debug|ARM
		{0C3EB50D-AE6F-4CCF-A1C1-3FFD933E0CF2}.Debug|ARM.Deploy.0 = Debug|ARM
		{0C3EB50D-AE6F-4CCF-A1C1-3FFD933E0CF2}.Debug|ARM64.ActiveCfg = Debug|ARM64
		{0C3EB50D-AE6F-4CCF-A1C1-3FFD933E0CF2}.Debug|ARM64.Build.0 = Debug|ARM64
		{0C3EB50D-AE6F-4CCF-A1C1-3FFD933E0CF2}.Debug|ARM64.Deploy.0 = Debug|ARM64
		{0C3EB50D-AE6F-4CCF-A1C1-3FFD933E0CF2}.Debug|x64.ActiveCfg = Debug|x64
		{0C3EB50D-AE6F-4CCF-A1C1-3FFD933E0CF2}.Debug|x64.Build.0 = Debug|x64
		{0C3EB50D-AE6F-4CCF-A1C1-3FFD933E0CF2}.Debug|x64.Deploy.0 = Debug|x64
		{0C3EB50D-AE6F-4CCF-A1C1-3FFD933E0CF2}.Debug|x86.ActiveCfg = Debug|x86
		{0C3EB50D-AE6F-4CCF-A1C1-3FFD933E0CF2}.Debug|x86.Build.0 = Debug|x86
		{0C3EB50D-AE6F-4CCF-A1C1-3FFD933E0CF2}.Debug|x86.Deploy.0 = Debug|x86
		{0C3EB50D-AE6F-4CCF-A1C1-3FFD933E0CF2}.Release|Any CPU.ActiveCfg = Release|x64
		{0C3EB50D-AE6F-4CCF-A1C1-3FFD933E0CF2}.Release|Any CPU.Build.0 = Release|x64
		{0C3EB50D-AE6F-4CCF-A1C1-3FFD933E0CF2}.Release|ARM.ActiveCfg = Release|ARM
		{0C3EB50D-AE6F-4CCF-A1C1-3FFD933E0CF2}.Release|ARM.Build.0 = Release|ARM
		{0C3EB50D-AE6F-4CCF-A1C1-3FFD933E0CF2}.Release|ARM.Deploy.0 = Release|ARM
		{0C3EB50D-AE6F-4CCF-A1C1-3FFD933E0CF2}.Release|ARM64.ActiveCfg = Release|ARM64
		{0C3EB50D-AE6F-4CCF-A1C1-3FFD933E0CF2}.Release|ARM64.Build.0 = Release|ARM64
		{0C3EB50D-AE6F-4CCF-A1C1-3FFD933E0CF2}.Release|ARM64.Deploy.0 = Release|ARM64
		{0C3EB50D-AE6F-4CCF-A1C1-3FFD933E0CF2}.Release|x64.ActiveCfg = Release|x64
		{0C3EB50D-AE6F-4CCF-A1C1-3FFD933E0CF2}.Release|x64.Build.0 = Release|x64
		{0C3EB50D-AE6F-4CCF-A1C1-3FFD933E0CF2}.Release|x64.Deploy.0 = Release|x64
		{0C3EB50D-AE6F-4CCF-A1C1-3FFD933E0CF2}.Release|x86.ActiveCfg = Release|x86
		{0C3EB50D-AE6F-4CCF-A1C1-3FFD933E0CF2}.Release|x86.Build.0 = Release|x86
		{0C3EB50D-AE6F-4CCF-A1C1-3FFD933E0CF2}.Release|x86.Deploy.0 = Release|x86
		{76E2FB5E-9380-4E21-BCBC-DCDE7F07B914}.Debug|Any CPU.ActiveCfg = Debug|x64
		{76E2FB5E-9380-4E21-BCBC-DCDE7F07B914}.Debug|Any CPU.Build.0 = Debug|x64
		{76E2FB5E-9380-4E21-BCBC-DCDE7F07B914}.Debug|ARM.ActiveCfg = Debug|ARM
		{76E2FB5E-9380-4E21-BCBC-DCDE7F07B914}.Debug|ARM.Build.0 = Debug|ARM
		{76E2FB5E-9380-4E21-BCBC-DCDE7F07B914}.Debug|ARM.Deploy.0 = Debug|ARM
		{76E2FB5E-9380-4E21-BCBC-DCDE7F07B914}.Debug|ARM64.ActiveCfg = Debug|ARM64
		{76E2FB5E-9380-4E21-BCBC-DCDE7F07B914}.Debug|ARM64.Build.0 = Debug|ARM64
		{76E2FB5E-9380-4E21-BCBC-DCDE7F07B914}.Debug|ARM64.Deploy.0 = Debug|ARM64
		{76E2FB5E-9380-4E21-BCBC-DCDE7F07B914}.Debug|x64.ActiveCfg = Debug|x64
		{76E2FB5E-9380-4E21-BCBC-DCDE7F07B914}.Debug|x64.Build.0 = Debug|x64
		{76E2FB5E-9380-4E21-BCBC-DCDE7F07B914}.Debug|x64.Deploy.0 = Debug|x64
		{76E2FB5E-9380-4E21-BCBC-DCDE7F07B914}.Debug|x86.ActiveCfg = Debug|x86
		{76E2FB5E-9380-4E21-BCBC-DCDE7F07B914}.Debug|x86.Build.0 = Debug|x86
		{76E2FB5E-9380-4E21-BCBC-DCDE7F07B914}.Debug|x86.Deploy.0 = Debug|x86
		{76E2FB5E-9380-4E21-BCBC-DCDE7F07B914}.Release|Any CPU.ActiveCfg = Release|x64
		{76E2FB5E-9380-4E21-BCBC-DCDE7F07B914}.Release|Any CPU.Build.0 = Release|x64
		{76E2FB5E-9380-4E21-BCBC-DCDE7F07B914}.Release|ARM.ActiveCfg = Release|ARM
		{76E2FB5E-9380-4E21-BCBC-DCDE7F07B914}.Release|ARM.Build.0 = Release|ARM
		{76E2FB5E-9380-4E21-BCBC-DCDE7F07B914}.Release|ARM.Deploy.0 = Release|ARM
		{76E2FB5E-9380-4E21-BCBC-DCDE7F07B914}.Release|ARM64.ActiveCfg = Release|ARM64
		{76E2FB5E-9380-4E21-BCBC-DCDE7F07B914}.Release|ARM64.Build.0 = Release|ARM64
		{76E2FB5E-9380-4E21-BCBC-DCDE7F07B914}.Release|ARM64.Deploy.0 = Release|ARM64
		{76E2FB5E-9380-4E21-BCBC-DCDE7F07B914}.Release|x64.ActiveCfg = Release|x64
		{76E2FB5E-9380-4E21-BCBC-DCDE7F07B914}.Release|x64.Build.0 = Release|x64
		{76E2FB5E-9380-4E21-BCBC-DCDE7F07B914}.Release|x64.Deploy.0 = Release|x64
		{76E2FB5E-9380-4E21-BCBC-DCDE7F07B914}.Release|x86.ActiveCfg = Release|x86
		{76E2FB5E-9380-4E21-BCBC-DCDE7F07B914}.Release|x86.Build.0 = Release|x86
		{76E2FB5E-9380-4E21-BCBC-DCDE7F07B914}.Release|x86.Deploy.0 = Release|x86
		{A054C908-3F8C-461C-8629-EAFDD1C7A24E}.Debug|Any CPU.ActiveCfg = Debug|x64
		{A054C908-3F8C-461C-8629-EAFDD1C7A24E}.Debug|Any CPU.Build.0 = Debug|x64
		{A054C908-3F8C-461C-8629-EAFDD1C7A24E}.Debug|ARM.ActiveCfg = Debug|ARM
		{A054C908-3F8C-461C-8629-EAFDD1C7A24E}.Debug|ARM.Build.0 = Debug|ARM
		{A054C908-3F8C-461C-8629-EAFDD1C7A24E}.Debug|ARM.Deploy.0 = Debug|ARM
		{A054C908-3F8C-461C-8629-EAFDD1C7A24E}.Debug|ARM64.ActiveCfg = Debug|ARM64
		{A054C908-3F8C-461C-8629-EAFDD1C7A24E}.Debug|ARM64.Build.0 = Debug|ARM64
		{A054C908-3F8C-461C-8629-EAFDD1C7A24E}.Debug|ARM64.Deploy.0 = Debug|ARM64
		{A054C908-3F8C-461C-8629-EAFDD1C7A24E}.Debug|x64.ActiveCfg = Debug|x64
		{A054C908-3F8C-461C-8629-EAFDD1C7A24E}.Debug|x64.Build.0 = Debug|x64
		{A054C908-3F8C-461C-8629-EAFDD1C7A24E}.Debug|x64.Deploy.0 = Debug|x64
		{A054C908-3F8C-461C-8629-EAFDD1C7A24E}.Debug|x86.ActiveCfg = Debug|x86
		{A054C908-3F8C-461C-8629-EAFDD1C7A24E}.Debug|x86.Build.0 = Debug|x86
		{A054C908-3F8C-461C-8629-EAFDD1C7A24E}.Debug|x86.Deploy.0 = Debug|x86
		{A054C908-3F8C-461C-8629-EAFDD1C7A24E}.Release|Any CPU.ActiveCfg = Release|x64
		{A054C908-3F8C-461C-8629-EAFDD1C7A24E}.Release|Any CPU.Build.0 = Release|x64
		{A054C908-3F8C-461C-8629-EAFDD1C7A24E}.Release|ARM.ActiveCfg = Release|ARM
		{A054C908-3F8C-461C-8629-EAFDD1C7A24E}.Release|ARM.Build.0 = Release|ARM
		{A054C908-3F8C-461C-8629-EAFDD1C7A24E}.Release|ARM.Deploy.0 = Release|ARM
		{A054C908-3F8C-461C-8629-EAFDD1C7A24E}.Release|ARM64.ActiveCfg = Release|ARM64
		{A054C908-3F8C-461C-8629-EAFDD1C7A24E}.Release|ARM64.Build.0 = Release|ARM64
		{A054C908-3F8C-461C-8629-EAFDD1C7A24E}.Release|ARM64.Deploy.0 = Release|ARM64
		{A054C908-3F8C-461C-8629-EAFDD1C7A24E}.Release|x64.ActiveCfg = Release|x64
		{A054C908-3F8C-461C-8629-EAFDD1C7A24E}.Release|x64.Build.0 = Release|x64
		{A054C908-3F8C-461C-8629-EAFDD1C7A24E}.Release|x64.Deploy.0 = Release|x64
		{A054C908-3F8C-461C-8629-EAFDD1C7A24E}.Release|x86.ActiveCfg = Release|x86
		{A054C908-3F8C-461C-8629-EAFDD1C7A24E}.Release|x86.Build.0 = Release|x86
		{A054C908-3F8C-461C-8629-EAFDD1C7A24E}.Release|x86.Deploy.0 = Release|x86
		{E98D40B9-9F62-44E6-B0DF-77095B995845}.Debug|Any CPU.ActiveCfg = Debug|x64
		{E98D40B9-9F62-44E6-B0DF-77095B995845}.Debug|Any CPU.Build.0 = Debug|x64
		{E98D40B9-9F62-44E6-B0DF-77095B995845}.Debug|ARM.ActiveCfg = Debug|ARM
		{E98D40B9-9F62-44E6-B0DF-77095B995845}.Debug|ARM.Build.0 = Debug|ARM
		{E98D40B9-9F62-44E6-B0DF-77095B995845}.Debug|ARM.Deploy.0 = Debug|ARM
		{E98D40B9-9F62-44E6-B0DF-77095B995845}.Debug|ARM64.ActiveCfg = Debug|ARM64
		{E98D40B9-9F62-44E6-B0DF-77095B995845}.Debug|ARM64.Build.0 = Debug|ARM64
		{E98D40B9-9F62-44E6-B0DF-77095B995845}.Debug|ARM64.Deploy.0 = Debug|ARM64
		{E98D40B9-9F62-44E6-B0DF-77095B995845}.Debug|x64.ActiveCfg = Debug|x64
		{E98D40B9-9F62-44E6-B0DF-77095B995845}.Debug|x64.Build.0 = Debug|x64
		{E98D40B9-9F62-44E6-B0DF-77095B995845}.Debug|x64.Deploy.0 = Debug|x64
		{E98D40B9-9F62-44E6-B0DF-77095B995845}.Debug|x86.ActiveCfg = Debug|x86
		{E98D40B9-9F62-44E6-B0DF-77095B995845}.Debug|x86.Build.0 = Debug|x86
		{E98D40B9-9F62-44E6-B0DF-77095B995845}.Debug|x86.Deploy.0 = Debug|x86
		{E98D40B9-9F62-44E6-B0DF-77095B995845}.Release|Any CPU.ActiveCfg = Release|x64
		{E98D40B9-9F62-44E6-B0DF-77095B995845}.Release|Any CPU.Build.0 = Release|x64
		{E98D40B9-9F62-44E6-B0DF-77095B995845}.Release|ARM.ActiveCfg = Release|ARM
		{E98D40B9-9F62-44E6-B0DF-77095B995845}.Release|ARM.Build.0 = Release|ARM
		{E98D40B9-9F62-44E6-B0DF-77095B995845}.Release|ARM.Deploy.0 = Release|ARM
		{E98D40B9-9F62-44E6-B0DF-77095B995845}.Release|ARM64.ActiveCfg = Release|ARM64
		{E98D40B9-9F62-44E6-B0DF-77095B995845}.Release|ARM64.Build.0 = Release|ARM64
		{E98D40B9-9F62-44E6-B0DF-77095B995845}.Release|ARM64.Deploy.0 = Release|ARM64
		{E98D40B9-9F62-44E6-B0DF-77095B995845}.Release|x64.ActiveCfg = Release|x64
		{E98D40B9-9F62-44E6-B0DF-77095B995845}.Release|x64.Build.0 = Release|x64
		{E98D40B9-9F62-44E6-B0DF-77095B995845}.Release|x64.Deploy.0 = Release|x64
		{E98D40B9-9F62-44E6-B0DF-77095B995845}.Release|x86.ActiveCfg = Release|x86
		{E98D40B9-9F62-44E6-B0DF-77095B995845}.Release|x86.Build.0 = Release|x86
		{E98D40B9-9F62-44E6-B0DF-77095B995845}.Release|x86.Deploy.0 = Release|x86
		{73D7568E-83D6-4CF5-BB1F-3E6647F30245}.Debug|Any CPU.ActiveCfg = Debug|x64
		{73D7568E-83D6-4CF5-BB1F-3E6647F30245}.Debug|Any CPU.Build.0 = Debug|x64
		{73D7568E-83D6-4CF5-BB1F-3E6647F30245}.Debug|ARM.ActiveCfg = Debug|x64
		{73D7568E-83D6-4CF5-BB1F-3E6647F30245}.Debug|ARM.Build.0 = Debug|x64
		{73D7568E-83D6-4CF5-BB1F-3E6647F30245}.Debug|ARM64.ActiveCfg = Debug|x64
		{73D7568E-83D6-4CF5-BB1F-3E6647F30245}.Debug|ARM64.Build.0 = Debug|x64
		{73D7568E-83D6-4CF5-BB1F-3E6647F30245}.Debug|x64.ActiveCfg = Debug|x64
		{73D7568E-83D6-4CF5-BB1F-3E6647F30245}.Debug|x64.Build.0 = Debug|x64
		{73D7568E-83D6-4CF5-BB1F-3E6647F30245}.Debug|x86.ActiveCfg = Debug|x64
		{73D7568E-83D6-4CF5-BB1F-3E6647F30245}.Debug|x86.Build.0 = Debug|x64
		{73D7568E-83D6-4CF5-BB1F-3E6647F30245}.Release|Any CPU.ActiveCfg = Release|x64
		{73D7568E-83D6-4CF5-BB1F-3E6647F30245}.Release|Any CPU.Build.0 = Release|x64
		{73D7568E-83D6-4CF5-BB1F-3E6647F30245}.Release|ARM.ActiveCfg = Release|x64
		{73D7568E-83D6-4CF5-BB1F-3E6647F30245}.Release|ARM.Build.0 = Release|x64
		{73D7568E-83D6-4CF5-BB1F-3E6647F30245}.Release|ARM64.ActiveCfg = Release|x64
		{73D7568E-83D6-4CF5-BB1F-3E6647F30245}.Release|ARM64.Build.0 = Release|x64
		{73D7568E-83D6-4CF5-BB1F-3E6647F30245}.Release|x64.ActiveCfg = Release|x64
		{73D7568E-83D6-4CF5-BB1F-3E6647F30245}.Release|x64.Build.0 = Release|x64
		{73D7568E-83D6-4CF5-BB1F-3E6647F30245}.Release|x86.ActiveCfg = Release|x64
		{73D7568E-83D6-4CF5-BB1F-3E6647F30245}.Release|x86.Build.0 = Release|x64
		{DE9A41BA-AEE2-4D55-8EF2-5E3A7C0FEEA4}.Debug|Any CPU.ActiveCfg = Debug|x64
		{DE9A41BA-AEE2-4D55-8EF2-5E3A7C0FEEA4}.Debug|Any CPU.Build.0 = Debug|x64
		{DE9A41BA-AEE2-4D55-8EF2-5E3A7C0FEEA4}.Debug|ARM.ActiveCfg = Debug|ARM
		{DE9A41BA-AEE2-4D55-8EF2-5E3A7C0FEEA4}.Debug|ARM.Build.0 = Debug|ARM
		{DE9A41BA-AEE2-4D55-8EF2-5E3A7C0FEEA4}.Debug|ARM.Deploy.0 = Debug|ARM
		{DE9A41BA-AEE2-4D55-8EF2-5E3A7C0FEEA4}.Debug|ARM64.ActiveCfg = Debug|ARM64
		{DE9A41BA-AEE2-4D55-8EF2-5E3A7C0FEEA4}.Debug|ARM64.Build.0 = Debug|ARM64
		{DE9A41BA-AEE2-4D55-8EF2-5E3A7C0FEEA4}.Debug|ARM64.Deploy.0 = Debug|ARM64
		{DE9A41BA-AEE2-4D55-8EF2-5E3A7C0FEEA4}.Debug|x64.ActiveCfg = Debug|x64
		{DE9A41BA-AEE2-4D55-8EF2-5E3A7C0FEEA4}.Debug|x64.Build.0 = Debug|x64
		{DE9A41BA-AEE2-4D55-8EF2-5E3A7C0FEEA4}.Debug|x64.Deploy.0 = Debug|x64
		{DE9A41BA-AEE2-4D55-8EF2-5E3A7C0FEEA4}.Debug|x86.ActiveCfg = Debug|x86
		{DE9A41BA-AEE2-4D55-8EF2-5E3A7C0FEEA4}.Debug|x86.Build.0 = Debug|x86
		{DE9A41BA-AEE2-4D55-8EF2-5E3A7C0FEEA4}.Debug|x86.Deploy.0 = Debug|x86
		{DE9A41BA-AEE2-4D55-8EF2-5E3A7C0FEEA4}.Release|Any CPU.ActiveCfg = Release|x64
		{DE9A41BA-AEE2-4D55-8EF2-5E3A7C0FEEA4}.Release|Any CPU.Build.0 = Release|x64
		{DE9A41BA-AEE2-4D55-8EF2-5E3A7C0FEEA4}.Release|ARM.ActiveCfg = Release|ARM
		{DE9A41BA-AEE2-4D55-8EF2-5E3A7C0FEEA4}.Release|ARM.Build.0 = Release|ARM
		{DE9A41BA-AEE2-4D55-8EF2-5E3A7C0FEEA4}.Release|ARM.Deploy.0 = Release|ARM
		{DE9A41BA-AEE2-4D55-8EF2-5E3A7C0FEEA4}.Release|ARM64.ActiveCfg = Release|ARM64
		{DE9A41BA-AEE2-4D55-8EF2-5E3A7C0FEEA4}.Release|ARM64.Build.0 = Release|ARM64
		{DE9A41BA-AEE2-4D55-8EF2-5E3A7C0FEEA4}.Release|ARM64.Deploy.0 = Release|ARM64
		{DE9A41BA-AEE2-4D55-8EF2-5E3A7C0FEEA4}.Release|x64.ActiveCfg = Release|x64
		{DE9A41BA-AEE2-4D55-8EF2-5E3A7C0FEEA4}.Release|x64.Build.0 = Release|x64
		{DE9A41BA-AEE2-4D55-8EF2-5E3A7C0FEEA4}.Release|x64.Deploy.0 = Release|x64
		{DE9A41BA-AEE2-4D55-8EF2-5E3A7C0FEEA4}.Release|x86.ActiveCfg = Release|x86
		{DE9A41BA-AEE2-4D55-8EF2-5E3A7C0FEEA4}.Release|x86.Build.0 = Release|x86
		{DE9A41BA-AEE2-4D55-8EF2-5E3A7C0FEEA4}.Release|x86.Deploy.0 = Release|x86
		{6803B4DE-C7C3-40DB-8B27-C104BFB2174A}.Debug|Any CPU.ActiveCfg = Debug|x64
		{6803B4DE-C7C3-40DB-8B27-C104BFB2174A}.Debug|Any CPU.Build.0 = Debug|x64
		{6803B4DE-C7C3-40DB-8B27-C104BFB2174A}.Debug|Any CPU.Deploy.0 = Debug|x64
		{6803B4DE-C7C3-40DB-8B27-C104BFB2174A}.Debug|ARM.ActiveCfg = Debug|ARM
		{6803B4DE-C7C3-40DB-8B27-C104BFB2174A}.Debug|ARM.Build.0 = Debug|ARM
		{6803B4DE-C7C3-40DB-8B27-C104BFB2174A}.Debug|ARM.Deploy.0 = Debug|ARM
		{6803B4DE-C7C3-40DB-8B27-C104BFB2174A}.Debug|ARM64.ActiveCfg = Debug|ARM64
		{6803B4DE-C7C3-40DB-8B27-C104BFB2174A}.Debug|ARM64.Build.0 = Debug|ARM64
		{6803B4DE-C7C3-40DB-8B27-C104BFB2174A}.Debug|ARM64.Deploy.0 = Debug|ARM64
		{6803B4DE-C7C3-40DB-8B27-C104BFB2174A}.Debug|x64.ActiveCfg = Debug|x64
		{6803B4DE-C7C3-40DB-8B27-C104BFB2174A}.Debug|x64.Build.0 = Debug|x64
		{6803B4DE-C7C3-40DB-8B27-C104BFB2174A}.Debug|x64.Deploy.0 = Debug|x64
		{6803B4DE-C7C3-40DB-8B27-C104BFB2174A}.Debug|x86.ActiveCfg = Debug|x86
		{6803B4DE-C7C3-40DB-8B27-C104BFB2174A}.Debug|x86.Build.0 = Debug|x86
		{6803B4DE-C7C3-40DB-8B27-C104BFB2174A}.Debug|x86.Deploy.0 = Debug|x86
		{6803B4DE-C7C3-40DB-8B27-C104BFB2174A}.Release|Any CPU.ActiveCfg = Release|x64
		{6803B4DE-C7C3-40DB-8B27-C104BFB2174A}.Release|Any CPU.Build.0 = Release|x64
		{6803B4DE-C7C3-40DB-8B27-C104BFB2174A}.Release|Any CPU.Deploy.0 = Release|x64
		{6803B4DE-C7C3-40DB-8B27-C104BFB2174A}.Release|ARM.ActiveCfg = Release|ARM
		{6803B4DE-C7C3-40DB-8B27-C104BFB2174A}.Release|ARM.Build.0 = Release|ARM
		{6803B4DE-C7C3-40DB-8B27-C104BFB2174A}.Release|ARM.Deploy.0 = Release|ARM
		{6803B4DE-C7C3-40DB-8B27-C104BFB2174A}.Release|ARM64.ActiveCfg = Release|ARM64
		{6803B4DE-C7C3-40DB-8B27-C104BFB2174A}.Release|ARM64.Build.0 = Release|ARM64
		{6803B4DE-C7C3-40DB-8B27-C104BFB2174A}.Release|ARM64.Deploy.0 = Release|ARM64
		{6803B4DE-C7C3-40DB-8B27-C104BFB2174A}.Release|x64.ActiveCfg = Release|x64
		{6803B4DE-C7C3-40DB-8B27-C104BFB2174A}.Release|x64.Build.0 = Release|x64
		{6803B4DE-C7C3-40DB-8B27-C104BFB2174A}.Release|x64.Deploy.0 = Release|x64
		{6803B4DE-C7C3-40DB-8B27-C104BFB2174A}.Release|x86.ActiveCfg = Release|x86
		{6803B4DE-C7C3-40DB-8B27-C104BFB2174A}.Release|x86.Build.0 = Release|x86
		{6803B4DE-C7C3-40DB-8B27-C104BFB2174A}.Release|x86.Deploy.0 = Release|x86
		{1E82A7EB-EAE6-49EF-B105-1AD1BC4D2EA7}.Debug|Any CPU.ActiveCfg = Debug|x64
		{1E82A7EB-EAE6-49EF-B105-1AD1BC4D2EA7}.Debug|Any CPU.Build.0 = Debug|x64
		{1E82A7EB-EAE6-49EF-B105-1AD1BC4D2EA7}.Debug|ARM.ActiveCfg = Debug|ARM
		{1E82A7EB-EAE6-49EF-B105-1AD1BC4D2EA7}.Debug|ARM.Build.0 = Debug|ARM
		{1E82A7EB-EAE6-49EF-B105-1AD1BC4D2EA7}.Debug|ARM.Deploy.0 = Debug|ARM
		{1E82A7EB-EAE6-49EF-B105-1AD1BC4D2EA7}.Debug|ARM64.ActiveCfg = Debug|ARM64
		{1E82A7EB-EAE6-49EF-B105-1AD1BC4D2EA7}.Debug|ARM64.Build.0 = Debug|ARM64
		{1E82A7EB-EAE6-49EF-B105-1AD1BC4D2EA7}.Debug|ARM64.Deploy.0 = Debug|ARM64
		{1E82A7EB-EAE6-49EF-B105-1AD1BC4D2EA7}.Debug|x64.ActiveCfg = Debug|x64
		{1E82A7EB-EAE6-49EF-B105-1AD1BC4D2EA7}.Debug|x64.Build.0 = Debug|x64
		{1E82A7EB-EAE6-49EF-B105-1AD1BC4D2EA7}.Debug|x64.Deploy.0 = Debug|x64
		{1E82A7EB-EAE6-49EF-B105-1AD1BC4D2EA7}.Debug|x86.ActiveCfg = Debug|x86
		{1E82A7EB-EAE6-49EF-B105-1AD1BC4D2EA7}.Debug|x86.Build.0 = Debug|x86
		{1E82A7EB-EAE6-49EF-B105-1AD1BC4D2EA7}.Debug|x86.Deploy.0 = Debug|x86
		{1E82A7EB-EAE6-49EF-B105-1AD1BC4D2EA7}.Release|Any CPU.ActiveCfg = Release|x64
		{1E82A7EB-EAE6-49EF-B105-1AD1BC4D2EA7}.Release|Any CPU.Build.0 = Release|x64
		{1E82A7EB-EAE6-49EF-B105-1AD1BC4D2EA7}.Release|ARM.ActiveCfg = Release|ARM
		{1E82A7EB-EAE6-49EF-B105-1AD1BC4D2EA7}.Release|ARM.Build.0 = Release|ARM
		{1E82A7EB-EAE6-49EF-B105-1AD1BC4D2EA7}.Release|ARM.Deploy.0 = Release|ARM
		{1E82A7EB-EAE6-49EF-B105-1AD1BC4D2EA7}.Release|ARM64.ActiveCfg = Release|ARM64
		{1E82A7EB-EAE6-49EF-B105-1AD1BC4D2EA7}.Release|ARM64.Build.0 = Release|ARM64
		{1E82A7EB-EAE6-49EF-B105-1AD1BC4D2EA7}.Release|ARM64.Deploy.0 = Release|ARM64
		{1E82A7EB-EAE6-49EF-B105-1AD1BC4D2EA7}.Release|x64.ActiveCfg = Release|x64
		{1E82A7EB-EAE6-49EF-B105-1AD1BC4D2EA7}.Release|x64.Build.0 = Release|x64
		{1E82A7EB-EAE6-49EF-B105-1AD1BC4D2EA7}.Release|x64.Deploy.0 = Release|x64
		{1E82A7EB-EAE6-49EF-B105-1AD1BC4D2EA7}.Release|x86.ActiveCfg = Release|x86
		{1E82A7EB-EAE6-49EF-B105-1AD1BC4D2EA7}.Release|x86.Build.0 = Release|x86
		{1E82A7EB-EAE6-49EF-B105-1AD1BC4D2EA7}.Release|x86.Deploy.0 = Release|x86
		{579AAA53-CF0D-4F73-85E5-64576663755E}.Debug|Any CPU.ActiveCfg = Debug|x64
		{579AAA53-CF0D-4F73-85E5-64576663755E}.Debug|Any CPU.Build.0 = Debug|x64
		{579AAA53-CF0D-4F73-85E5-64576663755E}.Debug|ARM.ActiveCfg = Debug|ARM
		{579AAA53-CF0D-4F73-85E5-64576663755E}.Debug|ARM.Build.0 = Debug|ARM
		{579AAA53-CF0D-4F73-85E5-64576663755E}.Debug|ARM.Deploy.0 = Debug|ARM
		{579AAA53-CF0D-4F73-85E5-64576663755E}.Debug|ARM64.ActiveCfg = Debug|ARM64
		{579AAA53-CF0D-4F73-85E5-64576663755E}.Debug|ARM64.Build.0 = Debug|ARM64
		{579AAA53-CF0D-4F73-85E5-64576663755E}.Debug|ARM64.Deploy.0 = Debug|ARM64
		{579AAA53-CF0D-4F73-85E5-64576663755E}.Debug|x64.ActiveCfg = Debug|x64
		{579AAA53-CF0D-4F73-85E5-64576663755E}.Debug|x64.Build.0 = Debug|x64
		{579AAA53-CF0D-4F73-85E5-64576663755E}.Debug|x64.Deploy.0 = Debug|x64
		{579AAA53-CF0D-4F73-85E5-64576663755E}.Debug|x86.ActiveCfg = Debug|x86
		{579AAA53-CF0D-4F73-85E5-64576663755E}.Debug|x86.Build.0 = Debug|x86
		{579AAA53-CF0D-4F73-85E5-64576663755E}.Debug|x86.Deploy.0 = Debug|x86
		{579AAA53-CF0D-4F73-85E5-64576663755E}.Release|Any CPU.ActiveCfg = Release|x64
		{579AAA53-CF0D-4F73-85E5-64576663755E}.Release|Any CPU.Build.0 = Release|x64
		{579AAA53-CF0D-4F73-85E5-64576663755E}.Release|ARM.ActiveCfg = Release|ARM
		{579AAA53-CF0D-4F73-85E5-64576663755E}.Release|ARM.Build.0 = Release|ARM
		{579AAA53-CF0D-4F73-85E5-64576663755E}.Release|ARM.Deploy.0 = Release|ARM
		{579AAA53-CF0D-4F73-85E5-64576663755E}.Release|ARM64.ActiveCfg = Release|ARM64
		{579AAA53-CF0D-4F73-85E5-64576663755E}.Release|ARM64.Build.0 = Release|ARM64
		{579AAA53-CF0D-4F73-85E5-64576663755E}.Release|ARM64.Deploy.0 = Release|ARM64
		{579AAA53-CF0D-4F73-85E5-64576663755E}.Release|x64.ActiveCfg = Release|x64
		{579AAA53-CF0D-4F73-85E5-64576663755E}.Release|x64.Build.0 = Release|x64
		{579AAA53-CF0D-4F73-85E5-64576663755E}.Release|x64.Deploy.0 = Release|x64
		{579AAA53-CF0D-4F73-85E5-64576663755E}.Release|x86.ActiveCfg = Release|x86
		{579AAA53-CF0D-4F73-85E5-64576663755E}.Release|x86.Build.0 = Release|x86
		{579AAA53-CF0D-4F73-85E5-64576663755E}.Release|x86.Deploy.0 = Release|x86
		{9A0113B1-19DC-4D25-A309-2FE5A2741DCF}.Debug|Any CPU.ActiveCfg = Debug|x64
		{9A0113B1-19DC-4D25-A309-2FE5A2741DCF}.Debug|Any CPU.Build.0 = Debug|x64
		{9A0113B1-19DC-4D25-A309-2FE5A2741DCF}.Debug|ARM.ActiveCfg = Debug|ARM
		{9A0113B1-19DC-4D25-A309-2FE5A2741DCF}.Debug|ARM.Build.0 = Debug|ARM
		{9A0113B1-19DC-4D25-A309-2FE5A2741DCF}.Debug|ARM.Deploy.0 = Debug|ARM
		{9A0113B1-19DC-4D25-A309-2FE5A2741DCF}.Debug|ARM64.ActiveCfg = Debug|ARM64
		{9A0113B1-19DC-4D25-A309-2FE5A2741DCF}.Debug|ARM64.Build.0 = Debug|ARM64
		{9A0113B1-19DC-4D25-A309-2FE5A2741DCF}.Debug|ARM64.Deploy.0 = Debug|ARM64
		{9A0113B1-19DC-4D25-A309-2FE5A2741DCF}.Debug|x64.ActiveCfg = Debug|x64
		{9A0113B1-19DC-4D25-A309-2FE5A2741DCF}.Debug|x64.Build.0 = Debug|x64
		{9A0113B1-19DC-4D25-A309-2FE5A2741DCF}.Debug|x64.Deploy.0 = Debug|x64
		{9A0113B1-19DC-4D25-A309-2FE5A2741DCF}.Debug|x86.ActiveCfg = Debug|x86
		{9A0113B1-19DC-4D25-A309-2FE5A2741DCF}.Debug|x86.Build.0 = Debug|x86
		{9A0113B1-19DC-4D25-A309-2FE5A2741DCF}.Debug|x86.Deploy.0 = Debug|x86
		{9A0113B1-19DC-4D25-A309-2FE5A2741DCF}.Release|Any CPU.ActiveCfg = Release|x64
		{9A0113B1-19DC-4D25-A309-2FE5A2741DCF}.Release|Any CPU.Build.0 = Release|x64
		{9A0113B1-19DC-4D25-A309-2FE5A2741DCF}.Release|ARM.ActiveCfg = Release|ARM
		{9A0113B1-19DC-4D25-A309-2FE5A2741DCF}.Release|ARM.Build.0 = Release|ARM
		{9A0113B1-19DC-4D25-A309-2FE5A2741DCF}.Release|ARM.Deploy.0 = Release|ARM
		{9A0113B1-19DC-4D25-A309-2FE5A2741DCF}.Release|ARM64.ActiveCfg = Release|ARM64
		{9A0113B1-19DC-4D25-A309-2FE5A2741DCF}.Release|ARM64.Build.0 = Release|ARM64
		{9A0113B1-19DC-4D25-A309-2FE5A2741DCF}.Release|ARM64.Deploy.0 = Release|ARM64
		{9A0113B1-19DC-4D25-A309-2FE5A2741DCF}.Release|x64.ActiveCfg = Release|x64
		{9A0113B1-19DC-4D25-A309-2FE5A2741DCF}.Release|x64.Build.0 = Release|x64
		{9A0113B1-19DC-4D25-A309-2FE5A2741DCF}.Release|x64.Deploy.0 = Release|x64
		{9A0113B1-19DC-4D25-A309-2FE5A2741DCF}.Release|x86.ActiveCfg = Release|x86
		{9A0113B1-19DC-4D25-A309-2FE5A2741DCF}.Release|x86.Build.0 = Release|x86
		{9A0113B1-19DC-4D25-A309-2FE5A2741DCF}.Release|x86.Deploy.0 = Release|x86
		{CF61BD52-6AB4-4A48-9C70-9C2BE9BD3552}.Debug|Any CPU.ActiveCfg = Debug|Any CPU
		{CF61BD52-6AB4-4A48-9C70-9C2BE9BD3552}.Debug|Any CPU.Build.0 = Debug|Any CPU
		{CF61BD52-6AB4-4A48-9C70-9C2BE9BD3552}.Debug|ARM.ActiveCfg = Debug|Any CPU
		{CF61BD52-6AB4-4A48-9C70-9C2BE9BD3552}.Debug|ARM.Build.0 = Debug|Any CPU
		{CF61BD52-6AB4-4A48-9C70-9C2BE9BD3552}.Debug|ARM64.ActiveCfg = Debug|Any CPU
		{CF61BD52-6AB4-4A48-9C70-9C2BE9BD3552}.Debug|ARM64.Build.0 = Debug|Any CPU
		{CF61BD52-6AB4-4A48-9C70-9C2BE9BD3552}.Debug|x64.ActiveCfg = Debug|Any CPU
		{CF61BD52-6AB4-4A48-9C70-9C2BE9BD3552}.Debug|x64.Build.0 = Debug|Any CPU
		{CF61BD52-6AB4-4A48-9C70-9C2BE9BD3552}.Debug|x86.ActiveCfg = Debug|Any CPU
		{CF61BD52-6AB4-4A48-9C70-9C2BE9BD3552}.Debug|x86.Build.0 = Debug|Any CPU
		{CF61BD52-6AB4-4A48-9C70-9C2BE9BD3552}.Release|Any CPU.ActiveCfg = Release|Any CPU
		{CF61BD52-6AB4-4A48-9C70-9C2BE9BD3552}.Release|Any CPU.Build.0 = Release|Any CPU
		{CF61BD52-6AB4-4A48-9C70-9C2BE9BD3552}.Release|ARM.ActiveCfg = Release|Any CPU
		{CF61BD52-6AB4-4A48-9C70-9C2BE9BD3552}.Release|ARM.Build.0 = Release|Any CPU
		{CF61BD52-6AB4-4A48-9C70-9C2BE9BD3552}.Release|ARM64.ActiveCfg = Release|Any CPU
		{CF61BD52-6AB4-4A48-9C70-9C2BE9BD3552}.Release|ARM64.Build.0 = Release|Any CPU
		{CF61BD52-6AB4-4A48-9C70-9C2BE9BD3552}.Release|x64.ActiveCfg = Release|Any CPU
		{CF61BD52-6AB4-4A48-9C70-9C2BE9BD3552}.Release|x64.Build.0 = Release|Any CPU
		{CF61BD52-6AB4-4A48-9C70-9C2BE9BD3552}.Release|x86.ActiveCfg = Release|Any CPU
		{CF61BD52-6AB4-4A48-9C70-9C2BE9BD3552}.Release|x86.Build.0 = Release|Any CPU
		{B65D2470-A5A6-4153-82DD-0A14742CBF51}.Debug|Any CPU.ActiveCfg = Debug|x64
		{B65D2470-A5A6-4153-82DD-0A14742CBF51}.Debug|Any CPU.Build.0 = Debug|x64
		{B65D2470-A5A6-4153-82DD-0A14742CBF51}.Debug|Any CPU.Deploy.0 = Debug|x64
		{B65D2470-A5A6-4153-82DD-0A14742CBF51}.Debug|ARM.ActiveCfg = Debug|ARM
		{B65D2470-A5A6-4153-82DD-0A14742CBF51}.Debug|ARM.Build.0 = Debug|ARM
		{B65D2470-A5A6-4153-82DD-0A14742CBF51}.Debug|ARM.Deploy.0 = Debug|ARM
		{B65D2470-A5A6-4153-82DD-0A14742CBF51}.Debug|ARM64.ActiveCfg = Debug|ARM64
		{B65D2470-A5A6-4153-82DD-0A14742CBF51}.Debug|ARM64.Build.0 = Debug|ARM64
		{B65D2470-A5A6-4153-82DD-0A14742CBF51}.Debug|ARM64.Deploy.0 = Debug|ARM64
		{B65D2470-A5A6-4153-82DD-0A14742CBF51}.Debug|x64.ActiveCfg = Debug|x64
		{B65D2470-A5A6-4153-82DD-0A14742CBF51}.Debug|x64.Build.0 = Debug|x64
		{B65D2470-A5A6-4153-82DD-0A14742CBF51}.Debug|x64.Deploy.0 = Debug|x64
		{B65D2470-A5A6-4153-82DD-0A14742CBF51}.Debug|x86.ActiveCfg = Debug|x86
		{B65D2470-A5A6-4153-82DD-0A14742CBF51}.Debug|x86.Build.0 = Debug|x86
		{B65D2470-A5A6-4153-82DD-0A14742CBF51}.Debug|x86.Deploy.0 = Debug|x86
		{B65D2470-A5A6-4153-82DD-0A14742CBF51}.Release|Any CPU.ActiveCfg = Release|x64
		{B65D2470-A5A6-4153-82DD-0A14742CBF51}.Release|Any CPU.Build.0 = Release|x64
		{B65D2470-A5A6-4153-82DD-0A14742CBF51}.Release|ARM.ActiveCfg = Release|ARM
		{B65D2470-A5A6-4153-82DD-0A14742CBF51}.Release|ARM.Build.0 = Release|ARM
		{B65D2470-A5A6-4153-82DD-0A14742CBF51}.Release|ARM.Deploy.0 = Release|ARM
		{B65D2470-A5A6-4153-82DD-0A14742CBF51}.Release|ARM64.ActiveCfg = Release|ARM64
		{B65D2470-A5A6-4153-82DD-0A14742CBF51}.Release|ARM64.Build.0 = Release|ARM64
		{B65D2470-A5A6-4153-82DD-0A14742CBF51}.Release|ARM64.Deploy.0 = Release|ARM64
		{B65D2470-A5A6-4153-82DD-0A14742CBF51}.Release|x64.ActiveCfg = Release|x64
		{B65D2470-A5A6-4153-82DD-0A14742CBF51}.Release|x64.Build.0 = Release|x64
		{B65D2470-A5A6-4153-82DD-0A14742CBF51}.Release|x64.Deploy.0 = Release|x64
		{B65D2470-A5A6-4153-82DD-0A14742CBF51}.Release|x86.ActiveCfg = Release|x86
		{B65D2470-A5A6-4153-82DD-0A14742CBF51}.Release|x86.Build.0 = Release|x86
		{B65D2470-A5A6-4153-82DD-0A14742CBF51}.Release|x86.Deploy.0 = Release|x86
		{587C294C-80C0-47FE-8102-BAD77FC3740B}.Debug|Any CPU.ActiveCfg = Debug|x64
		{587C294C-80C0-47FE-8102-BAD77FC3740B}.Debug|Any CPU.Build.0 = Debug|x64
		{587C294C-80C0-47FE-8102-BAD77FC3740B}.Debug|Any CPU.Deploy.0 = Debug|x64
		{587C294C-80C0-47FE-8102-BAD77FC3740B}.Debug|ARM.ActiveCfg = Debug|ARM
		{587C294C-80C0-47FE-8102-BAD77FC3740B}.Debug|ARM.Build.0 = Debug|ARM
		{587C294C-80C0-47FE-8102-BAD77FC3740B}.Debug|ARM.Deploy.0 = Debug|ARM
		{587C294C-80C0-47FE-8102-BAD77FC3740B}.Debug|ARM64.ActiveCfg = Debug|ARM64
		{587C294C-80C0-47FE-8102-BAD77FC3740B}.Debug|ARM64.Build.0 = Debug|ARM64
		{587C294C-80C0-47FE-8102-BAD77FC3740B}.Debug|ARM64.Deploy.0 = Debug|ARM64
		{587C294C-80C0-47FE-8102-BAD77FC3740B}.Debug|x64.ActiveCfg = Debug|x64
		{587C294C-80C0-47FE-8102-BAD77FC3740B}.Debug|x64.Build.0 = Debug|x64
		{587C294C-80C0-47FE-8102-BAD77FC3740B}.Debug|x64.Deploy.0 = Debug|x64
		{587C294C-80C0-47FE-8102-BAD77FC3740B}.Debug|x86.ActiveCfg = Debug|x86
		{587C294C-80C0-47FE-8102-BAD77FC3740B}.Debug|x86.Build.0 = Debug|x86
		{587C294C-80C0-47FE-8102-BAD77FC3740B}.Debug|x86.Deploy.0 = Debug|x86
		{587C294C-80C0-47FE-8102-BAD77FC3740B}.Release|Any CPU.ActiveCfg = Release|x64
		{587C294C-80C0-47FE-8102-BAD77FC3740B}.Release|Any CPU.Build.0 = Release|x64
		{587C294C-80C0-47FE-8102-BAD77FC3740B}.Release|Any CPU.Deploy.0 = Release|x64
		{587C294C-80C0-47FE-8102-BAD77FC3740B}.Release|ARM.ActiveCfg = Release|ARM
		{587C294C-80C0-47FE-8102-BAD77FC3740B}.Release|ARM.Build.0 = Release|ARM
		{587C294C-80C0-47FE-8102-BAD77FC3740B}.Release|ARM.Deploy.0 = Release|ARM
		{587C294C-80C0-47FE-8102-BAD77FC3740B}.Release|ARM64.ActiveCfg = Release|ARM64
		{587C294C-80C0-47FE-8102-BAD77FC3740B}.Release|ARM64.Build.0 = Release|ARM64
		{587C294C-80C0-47FE-8102-BAD77FC3740B}.Release|ARM64.Deploy.0 = Release|ARM64
		{587C294C-80C0-47FE-8102-BAD77FC3740B}.Release|x64.ActiveCfg = Release|x64
		{587C294C-80C0-47FE-8102-BAD77FC3740B}.Release|x64.Build.0 = Release|x64
		{587C294C-80C0-47FE-8102-BAD77FC3740B}.Release|x64.Deploy.0 = Release|x64
		{587C294C-80C0-47FE-8102-BAD77FC3740B}.Release|x86.ActiveCfg = Release|x86
		{587C294C-80C0-47FE-8102-BAD77FC3740B}.Release|x86.Build.0 = Release|x86
		{587C294C-80C0-47FE-8102-BAD77FC3740B}.Release|x86.Deploy.0 = Release|x86
		{39DBF90C-B7DC-49F0-89F1-F14098D28573}.Debug|Any CPU.ActiveCfg = Debug|x64
		{39DBF90C-B7DC-49F0-89F1-F14098D28573}.Debug|Any CPU.Build.0 = Debug|x64
		{39DBF90C-B7DC-49F0-89F1-F14098D28573}.Debug|Any CPU.Deploy.0 = Debug|x64
		{39DBF90C-B7DC-49F0-89F1-F14098D28573}.Debug|ARM.ActiveCfg = Debug|ARM
		{39DBF90C-B7DC-49F0-89F1-F14098D28573}.Debug|ARM.Build.0 = Debug|ARM
		{39DBF90C-B7DC-49F0-89F1-F14098D28573}.Debug|ARM.Deploy.0 = Debug|ARM
		{39DBF90C-B7DC-49F0-89F1-F14098D28573}.Debug|ARM64.ActiveCfg = Debug|ARM64
		{39DBF90C-B7DC-49F0-89F1-F14098D28573}.Debug|ARM64.Build.0 = Debug|ARM64
		{39DBF90C-B7DC-49F0-89F1-F14098D28573}.Debug|ARM64.Deploy.0 = Debug|ARM64
		{39DBF90C-B7DC-49F0-89F1-F14098D28573}.Debug|x64.ActiveCfg = Debug|x64
		{39DBF90C-B7DC-49F0-89F1-F14098D28573}.Debug|x64.Build.0 = Debug|x64
		{39DBF90C-B7DC-49F0-89F1-F14098D28573}.Debug|x64.Deploy.0 = Debug|x64
		{39DBF90C-B7DC-49F0-89F1-F14098D28573}.Debug|x86.ActiveCfg = Debug|x86
		{39DBF90C-B7DC-49F0-89F1-F14098D28573}.Debug|x86.Build.0 = Debug|x86
		{39DBF90C-B7DC-49F0-89F1-F14098D28573}.Debug|x86.Deploy.0 = Debug|x86
		{39DBF90C-B7DC-49F0-89F1-F14098D28573}.Release|Any CPU.ActiveCfg = Release|x64
		{39DBF90C-B7DC-49F0-89F1-F14098D28573}.Release|Any CPU.Build.0 = Release|x64
		{39DBF90C-B7DC-49F0-89F1-F14098D28573}.Release|Any CPU.Deploy.0 = Release|x64
		{39DBF90C-B7DC-49F0-89F1-F14098D28573}.Release|ARM.ActiveCfg = Release|ARM
		{39DBF90C-B7DC-49F0-89F1-F14098D28573}.Release|ARM.Build.0 = Release|ARM
		{39DBF90C-B7DC-49F0-89F1-F14098D28573}.Release|ARM.Deploy.0 = Release|ARM
		{39DBF90C-B7DC-49F0-89F1-F14098D28573}.Release|ARM64.ActiveCfg = Release|ARM64
		{39DBF90C-B7DC-49F0-89F1-F14098D28573}.Release|ARM64.Build.0 = Release|ARM64
		{39DBF90C-B7DC-49F0-89F1-F14098D28573}.Release|ARM64.Deploy.0 = Release|ARM64
		{39DBF90C-B7DC-49F0-89F1-F14098D28573}.Release|x64.ActiveCfg = Release|x64
		{39DBF90C-B7DC-49F0-89F1-F14098D28573}.Release|x64.Build.0 = Release|x64
		{39DBF90C-B7DC-49F0-89F1-F14098D28573}.Release|x64.Deploy.0 = Release|x64
		{39DBF90C-B7DC-49F0-89F1-F14098D28573}.Release|x86.ActiveCfg = Release|x86
		{39DBF90C-B7DC-49F0-89F1-F14098D28573}.Release|x86.Build.0 = Release|x86
		{39DBF90C-B7DC-49F0-89F1-F14098D28573}.Release|x86.Deploy.0 = Release|x86
		{FEB76C27-6800-480D-BFFC-B2953BC0531B}.Debug|Any CPU.ActiveCfg = Debug|x64
		{FEB76C27-6800-480D-BFFC-B2953BC0531B}.Debug|Any CPU.Build.0 = Debug|x64
		{FEB76C27-6800-480D-BFFC-B2953BC0531B}.Debug|Any CPU.Deploy.0 = Debug|x64
		{FEB76C27-6800-480D-BFFC-B2953BC0531B}.Debug|ARM.ActiveCfg = Debug|ARM
		{FEB76C27-6800-480D-BFFC-B2953BC0531B}.Debug|ARM.Build.0 = Debug|ARM
		{FEB76C27-6800-480D-BFFC-B2953BC0531B}.Debug|ARM.Deploy.0 = Debug|ARM
		{FEB76C27-6800-480D-BFFC-B2953BC0531B}.Debug|ARM64.ActiveCfg = Debug|ARM64
		{FEB76C27-6800-480D-BFFC-B2953BC0531B}.Debug|ARM64.Build.0 = Debug|ARM64
		{FEB76C27-6800-480D-BFFC-B2953BC0531B}.Debug|ARM64.Deploy.0 = Debug|ARM64
		{FEB76C27-6800-480D-BFFC-B2953BC0531B}.Debug|x64.ActiveCfg = Debug|x64
		{FEB76C27-6800-480D-BFFC-B2953BC0531B}.Debug|x64.Build.0 = Debug|x64
		{FEB76C27-6800-480D-BFFC-B2953BC0531B}.Debug|x64.Deploy.0 = Debug|x64
		{FEB76C27-6800-480D-BFFC-B2953BC0531B}.Debug|x86.ActiveCfg = Debug|x86
		{FEB76C27-6800-480D-BFFC-B2953BC0531B}.Debug|x86.Build.0 = Debug|x86
		{FEB76C27-6800-480D-BFFC-B2953BC0531B}.Debug|x86.Deploy.0 = Debug|x86
		{FEB76C27-6800-480D-BFFC-B2953BC0531B}.Release|Any CPU.ActiveCfg = Release|x64
		{FEB76C27-6800-480D-BFFC-B2953BC0531B}.Release|Any CPU.Build.0 = Release|x64
		{FEB76C27-6800-480D-BFFC-B2953BC0531B}.Release|Any CPU.Deploy.0 = Release|x64
		{FEB76C27-6800-480D-BFFC-B2953BC0531B}.Release|ARM.ActiveCfg = Release|ARM
		{FEB76C27-6800-480D-BFFC-B2953BC0531B}.Release|ARM.Build.0 = Release|ARM
		{FEB76C27-6800-480D-BFFC-B2953BC0531B}.Release|ARM.Deploy.0 = Release|ARM
		{FEB76C27-6800-480D-BFFC-B2953BC0531B}.Release|ARM64.ActiveCfg = Release|ARM64
		{FEB76C27-6800-480D-BFFC-B2953BC0531B}.Release|ARM64.Build.0 = Release|ARM64
		{FEB76C27-6800-480D-BFFC-B2953BC0531B}.Release|ARM64.Deploy.0 = Release|ARM64
		{FEB76C27-6800-480D-BFFC-B2953BC0531B}.Release|x64.ActiveCfg = Release|x64
		{FEB76C27-6800-480D-BFFC-B2953BC0531B}.Release|x64.Build.0 = Release|x64
		{FEB76C27-6800-480D-BFFC-B2953BC0531B}.Release|x64.Deploy.0 = Release|x64
		{FEB76C27-6800-480D-BFFC-B2953BC0531B}.Release|x86.ActiveCfg = Release|x86
		{FEB76C27-6800-480D-BFFC-B2953BC0531B}.Release|x86.Build.0 = Release|x86
		{FEB76C27-6800-480D-BFFC-B2953BC0531B}.Release|x86.Deploy.0 = Release|x86
		{33F47C1A-B592-465D-B9F6-6D1D7F52ED42}.Debug|Any CPU.ActiveCfg = Debug|x64
		{33F47C1A-B592-465D-B9F6-6D1D7F52ED42}.Debug|Any CPU.Build.0 = Debug|x64
		{33F47C1A-B592-465D-B9F6-6D1D7F52ED42}.Debug|Any CPU.Deploy.0 = Debug|x64
		{33F47C1A-B592-465D-B9F6-6D1D7F52ED42}.Debug|ARM.ActiveCfg = Debug|ARM
		{33F47C1A-B592-465D-B9F6-6D1D7F52ED42}.Debug|ARM.Build.0 = Debug|ARM
		{33F47C1A-B592-465D-B9F6-6D1D7F52ED42}.Debug|ARM.Deploy.0 = Debug|ARM
		{33F47C1A-B592-465D-B9F6-6D1D7F52ED42}.Debug|ARM64.ActiveCfg = Debug|ARM64
		{33F47C1A-B592-465D-B9F6-6D1D7F52ED42}.Debug|ARM64.Build.0 = Debug|ARM64
		{33F47C1A-B592-465D-B9F6-6D1D7F52ED42}.Debug|ARM64.Deploy.0 = Debug|ARM64
		{33F47C1A-B592-465D-B9F6-6D1D7F52ED42}.Debug|x64.ActiveCfg = Debug|x64
		{33F47C1A-B592-465D-B9F6-6D1D7F52ED42}.Debug|x64.Build.0 = Debug|x64
		{33F47C1A-B592-465D-B9F6-6D1D7F52ED42}.Debug|x64.Deploy.0 = Debug|x64
		{33F47C1A-B592-465D-B9F6-6D1D7F52ED42}.Debug|x86.ActiveCfg = Debug|x86
		{33F47C1A-B592-465D-B9F6-6D1D7F52ED42}.Debug|x86.Build.0 = Debug|x86
		{33F47C1A-B592-465D-B9F6-6D1D7F52ED42}.Debug|x86.Deploy.0 = Debug|x86
		{33F47C1A-B592-465D-B9F6-6D1D7F52ED42}.Release|Any CPU.ActiveCfg = Release|x64
		{33F47C1A-B592-465D-B9F6-6D1D7F52ED42}.Release|Any CPU.Build.0 = Release|x64
		{33F47C1A-B592-465D-B9F6-6D1D7F52ED42}.Release|Any CPU.Deploy.0 = Release|x64
		{33F47C1A-B592-465D-B9F6-6D1D7F52ED42}.Release|ARM.ActiveCfg = Release|ARM
		{33F47C1A-B592-465D-B9F6-6D1D7F52ED42}.Release|ARM.Build.0 = Release|ARM
		{33F47C1A-B592-465D-B9F6-6D1D7F52ED42}.Release|ARM.Deploy.0 = Release|ARM
		{33F47C1A-B592-465D-B9F6-6D1D7F52ED42}.Release|ARM64.ActiveCfg = Release|ARM64
		{33F47C1A-B592-465D-B9F6-6D1D7F52ED42}.Release|ARM64.Build.0 = Release|ARM64
		{33F47C1A-B592-465D-B9F6-6D1D7F52ED42}.Release|ARM64.Deploy.0 = Release|ARM64
		{33F47C1A-B592-465D-B9F6-6D1D7F52ED42}.Release|x64.ActiveCfg = Release|x64
		{33F47C1A-B592-465D-B9F6-6D1D7F52ED42}.Release|x64.Build.0 = Release|x64
		{33F47C1A-B592-465D-B9F6-6D1D7F52ED42}.Release|x64.Deploy.0 = Release|x64
		{33F47C1A-B592-465D-B9F6-6D1D7F52ED42}.Release|x86.ActiveCfg = Release|x86
		{33F47C1A-B592-465D-B9F6-6D1D7F52ED42}.Release|x86.Build.0 = Release|x86
		{33F47C1A-B592-465D-B9F6-6D1D7F52ED42}.Release|x86.Deploy.0 = Release|x86
		{F2658988-6DF2-4C24-8580-0F22CF5C38C8}.Debug|Any CPU.ActiveCfg = Debug|x64
		{F2658988-6DF2-4C24-8580-0F22CF5C38C8}.Debug|Any CPU.Build.0 = Debug|x64
		{F2658988-6DF2-4C24-8580-0F22CF5C38C8}.Debug|Any CPU.Deploy.0 = Debug|x64
		{F2658988-6DF2-4C24-8580-0F22CF5C38C8}.Debug|ARM.ActiveCfg = Debug|ARM
		{F2658988-6DF2-4C24-8580-0F22CF5C38C8}.Debug|ARM.Build.0 = Debug|ARM
		{F2658988-6DF2-4C24-8580-0F22CF5C38C8}.Debug|ARM.Deploy.0 = Debug|ARM
		{F2658988-6DF2-4C24-8580-0F22CF5C38C8}.Debug|ARM64.ActiveCfg = Debug|ARM64
		{F2658988-6DF2-4C24-8580-0F22CF5C38C8}.Debug|ARM64.Build.0 = Debug|ARM64
		{F2658988-6DF2-4C24-8580-0F22CF5C38C8}.Debug|ARM64.Deploy.0 = Debug|ARM64
		{F2658988-6DF2-4C24-8580-0F22CF5C38C8}.Debug|x64.ActiveCfg = Debug|x64
		{F2658988-6DF2-4C24-8580-0F22CF5C38C8}.Debug|x64.Build.0 = Debug|x64
		{F2658988-6DF2-4C24-8580-0F22CF5C38C8}.Debug|x64.Deploy.0 = Debug|x64
		{F2658988-6DF2-4C24-8580-0F22CF5C38C8}.Debug|x86.ActiveCfg = Debug|x86
		{F2658988-6DF2-4C24-8580-0F22CF5C38C8}.Debug|x86.Build.0 = Debug|x86
		{F2658988-6DF2-4C24-8580-0F22CF5C38C8}.Debug|x86.Deploy.0 = Debug|x86
		{F2658988-6DF2-4C24-8580-0F22CF5C38C8}.Release|Any CPU.ActiveCfg = Release|x64
		{F2658988-6DF2-4C24-8580-0F22CF5C38C8}.Release|Any CPU.Build.0 = Release|x64
		{F2658988-6DF2-4C24-8580-0F22CF5C38C8}.Release|Any CPU.Deploy.0 = Release|x64
		{F2658988-6DF2-4C24-8580-0F22CF5C38C8}.Release|ARM.ActiveCfg = Release|ARM
		{F2658988-6DF2-4C24-8580-0F22CF5C38C8}.Release|ARM.Build.0 = Release|ARM
		{F2658988-6DF2-4C24-8580-0F22CF5C38C8}.Release|ARM.Deploy.0 = Release|ARM
		{F2658988-6DF2-4C24-8580-0F22CF5C38C8}.Release|ARM64.ActiveCfg = Release|ARM64
		{F2658988-6DF2-4C24-8580-0F22CF5C38C8}.Release|ARM64.Build.0 = Release|ARM64
		{F2658988-6DF2-4C24-8580-0F22CF5C38C8}.Release|ARM64.Deploy.0 = Release|ARM64
		{F2658988-6DF2-4C24-8580-0F22CF5C38C8}.Release|x64.ActiveCfg = Release|x64
		{F2658988-6DF2-4C24-8580-0F22CF5C38C8}.Release|x64.Build.0 = Release|x64
		{F2658988-6DF2-4C24-8580-0F22CF5C38C8}.Release|x64.Deploy.0 = Release|x64
		{F2658988-6DF2-4C24-8580-0F22CF5C38C8}.Release|x86.ActiveCfg = Release|x86
		{F2658988-6DF2-4C24-8580-0F22CF5C38C8}.Release|x86.Build.0 = Release|x86
		{F2658988-6DF2-4C24-8580-0F22CF5C38C8}.Release|x86.Deploy.0 = Release|x86
	EndGlobalSection
	GlobalSection(SolutionProperties) = preSolution
		HideSolutionNode = FALSE
	EndGlobalSection
	GlobalSection(ExtensibilityGlobals) = postSolution
		SolutionGuid = {297DE8B3-DE97-47C0-B7F3-B6C84154796F}
	EndGlobalSection
EndGlobal
